
Microsoft Visual Studio Solution File, Format Version 12.00
# Visual Studio Version 16
VisualStudioVersion = 16.0.31205.134
MinimumVisualStudioVersion = 10.0.40219.1
Project("{FAE04EC0-301F-11D3-BF4B-00C04F79EFBC}") = "Weather", "Weather.csproj", "{EC84B7D7-257A-43B3-B567-217372E2707C}"
EndProject
Global
	GlobalSection(SolutionConfigurationPlatforms) = preSolution
		Debug|Any CPU = Debug|Any CPU
		Release|Any CPU = Release|Any CPU
	EndGlobalSection
	GlobalSection(ProjectConfigurationPlatforms) = postSolution
		{EC84B7D7-257A-43B3-B567-217372E2707C}.Debug|Any CPU.ActiveCfg = Debug|Any CPU
		{EC84B7D7-257A-43B3-B567-217372E2707C}.Debug|Any CPU.Build.0 = Debug|Any CPU
		{EC84B7D7-257A-43B3-B567-217372E2707C}.Release|Any CPU.ActiveCfg = Release|Any CPU
		{EC84B7D7-257A-43B3-B567-217372E2707C}.Release|Any CPU.Build.0 = Release|Any CPU
	EndGlobalSection
	GlobalSection(SolutionProperties) = preSolution
		HideSolutionNode = FALSE
	EndGlobalSection
	GlobalSection(ExtensibilityGlobals) = postSolution
		SolutionGuid = {5EADDA8B-6F26-4EE8-BFC4-D22AC0583F34}
	EndGlobalSection
EndGlobal
