
Microsoft Visual Studio Solution File, Format Version 12.00
# Visual Studio Version 16
VisualStudioVersion = 16.0.31205.134
MinimumVisualStudioVersion = 10.0.40219.1
Project("{9A19103F-16F7-4668-BE54-9A1E7A4F7556}") = "Weather", "Weather.csproj", "{EC84B7D7-257A-43B3-B567-217372E2707C}"
EndProject
Project("{9A19103F-16F7-4668-BE54-9A1E7A4F7556}") = "Weather.Tests", "Weather.Tests\Weather.Tests.csproj", "{2F3C8B66-5EE1-48F4-A23B-D3DE20BA86F0}"
EndProject
Project("{FAE04EC0-301F-11D3-BF4B-00C04F79EFBC}") = "WebApi", "WebApi\WebApi.csproj", "{CEBAEDE3-8D82-477D-90D6-AAA4C0FCE86D}"
EndProject
Global
	GlobalSection(SolutionConfigurationPlatforms) = preSolution
		Debug|Any CPU = Debug|Any CPU
		Release|Any CPU = Release|Any CPU
	EndGlobalSection
	GlobalSection(ProjectConfigurationPlatforms) = postSolution
		{EC84B7D7-257A-43B3-B567-217372E2707C}.Debug|Any CPU.ActiveCfg = Debug|Any CPU
		{EC84B7D7-257A-43B3-B567-217372E2707C}.Debug|Any CPU.Build.0 = Debug|Any CPU
		{EC84B7D7-257A-43B3-B567-217372E2707C}.Release|Any CPU.ActiveCfg = Release|Any CPU
		{EC84B7D7-257A-43B3-B567-217372E2707C}.Release|Any CPU.Build.0 = Release|Any CPU
		{2F3C8B66-5EE1-48F4-A23B-D3DE20BA86F0}.Debug|Any CPU.ActiveCfg = Debug|Any CPU
		{2F3C8B66-5EE1-48F4-A23B-D3DE20BA86F0}.Debug|Any CPU.Build.0 = Debug|Any CPU
		{2F3C8B66-5EE1-48F4-A23B-D3DE20BA86F0}.Release|Any CPU.ActiveCfg = Release|Any CPU
		{2F3C8B66-5EE1-48F4-A23B-D3DE20BA86F0}.Release|Any CPU.Build.0 = Release|Any CPU
		{CEBAEDE3-8D82-477D-90D6-AAA4C0FCE86D}.Debug|Any CPU.ActiveCfg = Debug|Any CPU
		{CEBAEDE3-8D82-477D-90D6-AAA4C0FCE86D}.Debug|Any CPU.Build.0 = Debug|Any CPU
		{CEBAEDE3-8D82-477D-90D6-AAA4C0FCE86D}.Release|Any CPU.ActiveCfg = Release|Any CPU
		{CEBAEDE3-8D82-477D-90D6-AAA4C0FCE86D}.Release|Any CPU.Build.0 = Release|Any CPU
	EndGlobalSection
	GlobalSection(SolutionProperties) = preSolution
		HideSolutionNode = FALSE
	EndGlobalSection
	GlobalSection(ExtensibilityGlobals) = postSolution
		SolutionGuid = {5EADDA8B-6F26-4EE8-BFC4-D22AC0583F34}
	EndGlobalSection
EndGlobal
